
Microsoft Visual Studio Solution File, Format Version 12.00
# Visual Studio Version 17
VisualStudioVersion = 17.2.32519.379
MinimumVisualStudioVersion = 10.0.40219.1
Project("{9A19103F-16F7-4668-BE54-9A1E7A4F7556}") = "BusinessLogic", "BusinessLogic\BusinessLogic.csproj", "{0A28B7E3-CDB3-44EB-83C8-72E02E1F73AD}"
EndProject
Project("{9A19103F-16F7-4668-BE54-9A1E7A4F7556}") = "BusinessData", "BusinessData\BusinessData.csproj", "{60FE5AEF-1F3A-4580-AB63-A2D4129F12C5}"
EndProject
Project("{9A19103F-16F7-4668-BE54-9A1E7A4F7556}") = "ModuleTest", "..\..\DataStructrue\자료구조\ModuleTest\ModuleTest\ModuleTest.csproj", "{43699447-8099-418F-9284-A4B5D1F2283C}"
EndProject
Global
	GlobalSection(SolutionConfigurationPlatforms) = preSolution
		Debug|Any CPU = Debug|Any CPU
		Release|Any CPU = Release|Any CPU
	EndGlobalSection
	GlobalSection(ProjectConfigurationPlatforms) = postSolution
		{0A28B7E3-CDB3-44EB-83C8-72E02E1F73AD}.Debug|Any CPU.ActiveCfg = Debug|Any CPU
		{0A28B7E3-CDB3-44EB-83C8-72E02E1F73AD}.Debug|Any CPU.Build.0 = Debug|Any CPU
		{0A28B7E3-CDB3-44EB-83C8-72E02E1F73AD}.Release|Any CPU.ActiveCfg = Release|Any CPU
		{0A28B7E3-CDB3-44EB-83C8-72E02E1F73AD}.Release|Any CPU.Build.0 = Release|Any CPU
		{60FE5AEF-1F3A-4580-AB63-A2D4129F12C5}.Debug|Any CPU.ActiveCfg = Debug|Any CPU
		{60FE5AEF-1F3A-4580-AB63-A2D4129F12C5}.Debug|Any CPU.Build.0 = Debug|Any CPU
		{60FE5AEF-1F3A-4580-AB63-A2D4129F12C5}.Release|Any CPU.ActiveCfg = Release|Any CPU
		{60FE5AEF-1F3A-4580-AB63-A2D4129F12C5}.Release|Any CPU.Build.0 = Release|Any CPU
		{43699447-8099-418F-9284-A4B5D1F2283C}.Debug|Any CPU.ActiveCfg = Debug|Any CPU
		{43699447-8099-418F-9284-A4B5D1F2283C}.Debug|Any CPU.Build.0 = Debug|Any CPU
		{43699447-8099-418F-9284-A4B5D1F2283C}.Release|Any CPU.ActiveCfg = Release|Any CPU
		{43699447-8099-418F-9284-A4B5D1F2283C}.Release|Any CPU.Build.0 = Release|Any CPU
	EndGlobalSection
	GlobalSection(SolutionProperties) = preSolution
		HideSolutionNode = FALSE
	EndGlobalSection
	GlobalSection(ExtensibilityGlobals) = postSolution
		SolutionGuid = {FBF5FDDA-64F1-4777-AD4D-2E48665E7A1E}
	EndGlobalSection
EndGlobal
